
Microsoft Visual Studio Solution File, Format Version 12.00
# Visual Studio Version 16
VisualStudioVersion = 16.0.29519.181
MinimumVisualStudioVersion = 10.0.40219.1
Project("{FAE04EC0-301F-11D3-BF4B-00C04F79EFBC}") = "ThingamajigActivities", "ThingamajigActivities.csproj", "{883BD8C3-37E0-4183-AFB4-6C667C38D894}"
EndProject
Global
	GlobalSection(SolutionConfigurationPlatforms) = preSolution
		Debug|Any CPU = Debug|Any CPU
		Release|Any CPU = Release|Any CPU
	EndGlobalSection
	GlobalSection(ProjectConfigurationPlatforms) = postSolution
		{883BD8C3-37E0-4183-AFB4-6C667C38D894}.Debug|Any CPU.ActiveCfg = Debug|Any CPU
		{883BD8C3-37E0-4183-AFB4-6C667C38D894}.Debug|Any CPU.Build.0 = Debug|Any CPU
		{883BD8C3-37E0-4183-AFB4-6C667C38D894}.Release|Any CPU.ActiveCfg = Release|Any CPU
		{883BD8C3-37E0-4183-AFB4-6C667C38D894}.Release|Any CPU.Build.0 = Release|Any CPU
	EndGlobalSection
	GlobalSection(SolutionProperties) = preSolution
		HideSolutionNode = FALSE
	EndGlobalSection
	GlobalSection(ExtensibilityGlobals) = postSolution
		SolutionGuid = {EA10EBD2-3086-45E9-B298-127CFBA8DD5E}
	EndGlobalSection
EndGlobal
